
Microsoft Visual Studio Solution File, Format Version 12.00
# Visual Studio Version 16
VisualStudioVersion = 16.0.31729.503
MinimumVisualStudioVersion = 10.0.40219.1
Project("{FAE04EC0-301F-11D3-BF4B-00C04F79EFBC}") = "QuotientReminder", "QuotientReminder\QuotientReminder.csproj", "{AA7D4A99-A589-46B9-B7C6-622A9CCFEFE1}"
EndProject
Global
	GlobalSection(SolutionConfigurationPlatforms) = preSolution
		Debug|Any CPU = Debug|Any CPU
		Release|Any CPU = Release|Any CPU
	EndGlobalSection
	GlobalSection(ProjectConfigurationPlatforms) = postSolution
		{AA7D4A99-A589-46B9-B7C6-622A9CCFEFE1}.Debug|Any CPU.ActiveCfg = Debug|Any CPU
		{AA7D4A99-A589-46B9-B7C6-622A9CCFEFE1}.Debug|Any CPU.Build.0 = Debug|Any CPU
		{AA7D4A99-A589-46B9-B7C6-622A9CCFEFE1}.Release|Any CPU.ActiveCfg = Release|Any CPU
		{AA7D4A99-A589-46B9-B7C6-622A9CCFEFE1}.Release|Any CPU.Build.0 = Release|Any CPU
	EndGlobalSection
	GlobalSection(SolutionProperties) = preSolution
		HideSolutionNode = FALSE
	EndGlobalSection
	GlobalSection(ExtensibilityGlobals) = postSolution
		SolutionGuid = {3520B2D0-91A2-4685-996F-B3F4AE25E3E7}
	EndGlobalSection
EndGlobal
