
Microsoft Visual Studio Solution File, Format Version 12.00
# Visual Studio Version 16
VisualStudioVersion = 16.0.31729.503
MinimumVisualStudioVersion = 10.0.40219.1
Project("{FAE04EC0-301F-11D3-BF4B-00C04F79EFBC}") = "SwapNumber", "SwapNumber\SwapNumber.csproj", "{067F78D2-741C-4CBD-93EF-FC0BDECF23B1}"
EndProject
Global
	GlobalSection(SolutionConfigurationPlatforms) = preSolution
		Debug|Any CPU = Debug|Any CPU
		Release|Any CPU = Release|Any CPU
	EndGlobalSection
	GlobalSection(ProjectConfigurationPlatforms) = postSolution
		{067F78D2-741C-4CBD-93EF-FC0BDECF23B1}.Debug|Any CPU.ActiveCfg = Debug|Any CPU
		{067F78D2-741C-4CBD-93EF-FC0BDECF23B1}.Debug|Any CPU.Build.0 = Debug|Any CPU
		{067F78D2-741C-4CBD-93EF-FC0BDECF23B1}.Release|Any CPU.ActiveCfg = Release|Any CPU
		{067F78D2-741C-4CBD-93EF-FC0BDECF23B1}.Release|Any CPU.Build.0 = Release|Any CPU
	EndGlobalSection
	GlobalSection(SolutionProperties) = preSolution
		HideSolutionNode = FALSE
	EndGlobalSection
	GlobalSection(ExtensibilityGlobals) = postSolution
		SolutionGuid = {E4E4A958-E43C-4341-A39D-38F044E15420}
	EndGlobalSection
EndGlobal
